
Microsoft Visual Studio Solution File, Format Version 12.00
# Visual Studio Version 17
VisualStudioVersion = 17.12.35707.178
MinimumVisualStudioVersion = 10.0.40219.1
Project("{FAE04EC0-301F-11D3-BF4B-00C04F79EFBC}") = "Zodpovedne.Data", "Zodpovedne.Data\Zodpovedne.Data.csproj", "{D2823CA4-8A56-4AEA-A97E-E549EA466FD6}"
EndProject
Project("{FAE04EC0-301F-11D3-BF4B-00C04F79EFBC}") = "Zodpovedne.RESTAPI", "Zodpovedne.RESTAPI\Zodpovedne.RESTAPI.csproj", "{E8809D5E-B9EC-4792-A187-4A71EB4A953F}"
EndProject
Project("{FAE04EC0-301F-11D3-BF4B-00C04F79EFBC}") = "Zodpovedne.Web", "Zodpovedne.Web\Zodpovedne.Web.csproj", "{0932CAAD-F38E-4134-A585-111C2B7216C2}"
EndProject
Project("{FAE04EC0-301F-11D3-BF4B-00C04F79EFBC}") = "Zodpovedne.Contracts", "Zodpovedne.Contracts\Zodpovedne.Contracts.csproj", "{CF8A4223-DB5E-4F31-9EC9-06853929FC7A}"
EndProject
Global
	GlobalSection(SolutionConfigurationPlatforms) = preSolution
		Debug|Any CPU = Debug|Any CPU
		Release|Any CPU = Release|Any CPU
	EndGlobalSection
	GlobalSection(ProjectConfigurationPlatforms) = postSolution
		{D2823CA4-8A56-4AEA-A97E-E549EA466FD6}.Debug|Any CPU.ActiveCfg = Debug|Any CPU
		{D2823CA4-8A56-4AEA-A97E-E549EA466FD6}.Debug|Any CPU.Build.0 = Debug|Any CPU
		{D2823CA4-8A56-4AEA-A97E-E549EA466FD6}.Release|Any CPU.ActiveCfg = Release|Any CPU
		{D2823CA4-8A56-4AEA-A97E-E549EA466FD6}.Release|Any CPU.Build.0 = Release|Any CPU
		{E8809D5E-B9EC-4792-A187-4A71EB4A953F}.Debug|Any CPU.ActiveCfg = Debug|Any CPU
		{E8809D5E-B9EC-4792-A187-4A71EB4A953F}.Debug|Any CPU.Build.0 = Debug|Any CPU
		{E8809D5E-B9EC-4792-A187-4A71EB4A953F}.Release|Any CPU.ActiveCfg = Release|Any CPU
		{E8809D5E-B9EC-4792-A187-4A71EB4A953F}.Release|Any CPU.Build.0 = Release|Any CPU
		{0932CAAD-F38E-4134-A585-111C2B7216C2}.Debug|Any CPU.ActiveCfg = Debug|Any CPU
		{0932CAAD-F38E-4134-A585-111C2B7216C2}.Debug|Any CPU.Build.0 = Debug|Any CPU
		{0932CAAD-F38E-4134-A585-111C2B7216C2}.Release|Any CPU.ActiveCfg = Release|Any CPU
		{0932CAAD-F38E-4134-A585-111C2B7216C2}.Release|Any CPU.Build.0 = Release|Any CPU
		{CF8A4223-DB5E-4F31-9EC9-06853929FC7A}.Debug|Any CPU.ActiveCfg = Debug|Any CPU
		{CF8A4223-DB5E-4F31-9EC9-06853929FC7A}.Debug|Any CPU.Build.0 = Debug|Any CPU
		{CF8A4223-DB5E-4F31-9EC9-06853929FC7A}.Release|Any CPU.ActiveCfg = Release|Any CPU
		{CF8A4223-DB5E-4F31-9EC9-06853929FC7A}.Release|Any CPU.Build.0 = Release|Any CPU
	EndGlobalSection
	GlobalSection(SolutionProperties) = preSolution
		HideSolutionNode = FALSE
	EndGlobalSection
EndGlobal
